
Microsoft Visual Studio Solution File, Format Version 12.00
# Visual Studio Version 16
VisualStudioVersion = 16.0.32802.440
MinimumVisualStudioVersion = 10.0.40219.1
Project("{9A19103F-16F7-4668-BE54-9A1E7A4F7556}") = "Business", "Business\Business.csproj", "{AF0939DA-D14F-44DC-94EA-0E002F01999E}"
EndProject
Project("{9A19103F-16F7-4668-BE54-9A1E7A4F7556}") = "DataAccess", "DataAccess\DataAccess.csproj", "{FFE5B9AF-F345-453A-A6F0-D0D4183C0808}"
EndProject
Project("{9A19103F-16F7-4668-BE54-9A1E7A4F7556}") = "Entities", "Entities\Entities.csproj", "{68F08BA5-CEE0-4058-B611-A9B4D0B8D19D}"
EndProject
Project("{9A19103F-16F7-4668-BE54-9A1E7A4F7556}") = "ConsoleUI", "ConsoleUI\ConsoleUI.csproj", "{C948E903-D45F-4254-B3C8-811B1CA5C837}"
EndProject
Project("{FAE04EC0-301F-11D3-BF4B-00C04F79EFBC}") = "Core", "Core\Core.csproj", "{31736BDD-EB42-4098-94C6-953720ADB99A}"
EndProject
Global
	GlobalSection(SolutionConfigurationPlatforms) = preSolution
		Debug|Any CPU = Debug|Any CPU
		Release|Any CPU = Release|Any CPU
	EndGlobalSection
	GlobalSection(ProjectConfigurationPlatforms) = postSolution
		{AF0939DA-D14F-44DC-94EA-0E002F01999E}.Debug|Any CPU.ActiveCfg = Debug|Any CPU
		{AF0939DA-D14F-44DC-94EA-0E002F01999E}.Debug|Any CPU.Build.0 = Debug|Any CPU
		{AF0939DA-D14F-44DC-94EA-0E002F01999E}.Release|Any CPU.ActiveCfg = Release|Any CPU
		{AF0939DA-D14F-44DC-94EA-0E002F01999E}.Release|Any CPU.Build.0 = Release|Any CPU
		{FFE5B9AF-F345-453A-A6F0-D0D4183C0808}.Debug|Any CPU.ActiveCfg = Debug|Any CPU
		{FFE5B9AF-F345-453A-A6F0-D0D4183C0808}.Debug|Any CPU.Build.0 = Debug|Any CPU
		{FFE5B9AF-F345-453A-A6F0-D0D4183C0808}.Release|Any CPU.ActiveCfg = Release|Any CPU
		{FFE5B9AF-F345-453A-A6F0-D0D4183C0808}.Release|Any CPU.Build.0 = Release|Any CPU
		{68F08BA5-CEE0-4058-B611-A9B4D0B8D19D}.Debug|Any CPU.ActiveCfg = Debug|Any CPU
		{68F08BA5-CEE0-4058-B611-A9B4D0B8D19D}.Debug|Any CPU.Build.0 = Debug|Any CPU
		{68F08BA5-CEE0-4058-B611-A9B4D0B8D19D}.Release|Any CPU.ActiveCfg = Release|Any CPU
		{68F08BA5-CEE0-4058-B611-A9B4D0B8D19D}.Release|Any CPU.Build.0 = Release|Any CPU
		{C948E903-D45F-4254-B3C8-811B1CA5C837}.Debug|Any CPU.ActiveCfg = Debug|Any CPU
		{C948E903-D45F-4254-B3C8-811B1CA5C837}.Debug|Any CPU.Build.0 = Debug|Any CPU
		{C948E903-D45F-4254-B3C8-811B1CA5C837}.Release|Any CPU.ActiveCfg = Release|Any CPU
		{C948E903-D45F-4254-B3C8-811B1CA5C837}.Release|Any CPU.Build.0 = Release|Any CPU
		{31736BDD-EB42-4098-94C6-953720ADB99A}.Debug|Any CPU.ActiveCfg = Debug|Any CPU
		{31736BDD-EB42-4098-94C6-953720ADB99A}.Debug|Any CPU.Build.0 = Debug|Any CPU
		{31736BDD-EB42-4098-94C6-953720ADB99A}.Release|Any CPU.ActiveCfg = Release|Any CPU
		{31736BDD-EB42-4098-94C6-953720ADB99A}.Release|Any CPU.Build.0 = Release|Any CPU
	EndGlobalSection
	GlobalSection(SolutionProperties) = preSolution
		HideSolutionNode = FALSE
	EndGlobalSection
	GlobalSection(ExtensibilityGlobals) = postSolution
		SolutionGuid = {588A0734-3BC9-4DEA-BF65-6CEE77364951}
	EndGlobalSection
EndGlobal
